
Microsoft Visual Studio Solution File, Format Version 12.00
# Visual Studio 15
VisualStudioVersion = 15.0.26430.14
MinimumVisualStudioVersion = 10.0.40219.1
Project("{FAE04EC0-301F-11D3-BF4B-00C04F79EFBC}") = "ShowPicturs.Android", "ShowPicturs\ShowPicturs.Android\ShowPicturs.Android.csproj", "{89794CB9-7E8F-470E-A5EE-5CA0153DD67C}"
EndProject
Project("{FAE04EC0-301F-11D3-BF4B-00C04F79EFBC}") = "ShowPicturs", "ShowPicturs\ShowPicturs\ShowPicturs.csproj", "{3086967D-42C9-4D32-8291-E3B1C0719139}"
EndProject
Project("{FAE04EC0-301F-11D3-BF4B-00C04F79EFBC}") = "ShowPicturs.iOS", "ShowPicturs\ShowPicturs.iOS\ShowPicturs.iOS.csproj", "{DB543BDA-DFEF-4534-B5BD-3272AF82E742}"
EndProject
Global
	GlobalSection(SolutionConfigurationPlatforms) = preSolution
		Ad-Hoc|Any CPU = Ad-Hoc|Any CPU
		Ad-Hoc|iPhone = Ad-Hoc|iPhone
		Ad-Hoc|iPhoneSimulator = Ad-Hoc|iPhoneSimulator
		AppStore|Any CPU = AppStore|Any CPU
		AppStore|iPhone = AppStore|iPhone
		AppStore|iPhoneSimulator = AppStore|iPhoneSimulator
		Debug|Any CPU = Debug|Any CPU
		Debug|iPhone = Debug|iPhone
		Debug|iPhoneSimulator = Debug|iPhoneSimulator
		Release|Any CPU = Release|Any CPU
		Release|iPhone = Release|iPhone
		Release|iPhoneSimulator = Release|iPhoneSimulator
	EndGlobalSection
	GlobalSection(ProjectConfigurationPlatforms) = postSolution
		{89794CB9-7E8F-470E-A5EE-5CA0153DD67C}.Ad-Hoc|Any CPU.ActiveCfg = Release|Any CPU
		{89794CB9-7E8F-470E-A5EE-5CA0153DD67C}.Ad-Hoc|Any CPU.Build.0 = Release|Any CPU
		{89794CB9-7E8F-470E-A5EE-5CA0153DD67C}.Ad-Hoc|Any CPU.Deploy.0 = Release|Any CPU
		{89794CB9-7E8F-470E-A5EE-5CA0153DD67C}.Ad-Hoc|iPhone.ActiveCfg = Release|Any CPU
		{89794CB9-7E8F-470E-A5EE-5CA0153DD67C}.Ad-Hoc|iPhone.Build.0 = Release|Any CPU
		{89794CB9-7E8F-470E-A5EE-5CA0153DD67C}.Ad-Hoc|iPhone.Deploy.0 = Release|Any CPU
		{89794CB9-7E8F-470E-A5EE-5CA0153DD67C}.Ad-Hoc|iPhoneSimulator.ActiveCfg = Release|Any CPU
		{89794CB9-7E8F-470E-A5EE-5CA0153DD67C}.Ad-Hoc|iPhoneSimulator.Build.0 = Release|Any CPU
		{89794CB9-7E8F-470E-A5EE-5CA0153DD67C}.Ad-Hoc|iPhoneSimulator.Deploy.0 = Release|Any CPU
		{89794CB9-7E8F-470E-A5EE-5CA0153DD67C}.AppStore|Any CPU.ActiveCfg = Release|Any CPU
		{89794CB9-7E8F-470E-A5EE-5CA0153DD67C}.AppStore|Any CPU.Build.0 = Release|Any CPU
		{89794CB9-7E8F-470E-A5EE-5CA0153DD67C}.AppStore|Any CPU.Deploy.0 = Release|Any CPU
		{89794CB9-7E8F-470E-A5EE-5CA0153DD67C}.AppStore|iPhone.ActiveCfg = Release|Any CPU
		{89794CB9-7E8F-470E-A5EE-5CA0153DD67C}.AppStore|iPhone.Build.0 = Release|Any CPU
		{89794CB9-7E8F-470E-A5EE-5CA0153DD67C}.AppStore|iPhone.Deploy.0 = Release|Any CPU
		{89794CB9-7E8F-470E-A5EE-5CA0153DD67C}.AppStore|iPhoneSimulator.ActiveCfg = Release|Any CPU
		{89794CB9-7E8F-470E-A5EE-5CA0153DD67C}.AppStore|iPhoneSimulator.Build.0 = Release|Any CPU
		{89794CB9-7E8F-470E-A5EE-5CA0153DD67C}.AppStore|iPhoneSimulator.Deploy.0 = Release|Any CPU
		{89794CB9-7E8F-470E-A5EE-5CA0153DD67C}.Debug|Any CPU.ActiveCfg = Debug|Any CPU
		{89794CB9-7E8F-470E-A5EE-5CA0153DD67C}.Debug|Any CPU.Build.0 = Debug|Any CPU
		{89794CB9-7E8F-470E-A5EE-5CA0153DD67C}.Debug|Any CPU.Deploy.0 = Debug|Any CPU
		{89794CB9-7E8F-470E-A5EE-5CA0153DD67C}.Debug|iPhone.ActiveCfg = Debug|Any CPU
		{89794CB9-7E8F-470E-A5EE-5CA0153DD67C}.Debug|iPhone.Build.0 = Debug|Any CPU
		{89794CB9-7E8F-470E-A5EE-5CA0153DD67C}.Debug|iPhone.Deploy.0 = Debug|Any CPU
		{89794CB9-7E8F-470E-A5EE-5CA0153DD67C}.Debug|iPhoneSimulator.ActiveCfg = Debug|Any CPU
		{89794CB9-7E8F-470E-A5EE-5CA0153DD67C}.Debug|iPhoneSimulator.Build.0 = Debug|Any CPU
		{89794CB9-7E8F-470E-A5EE-5CA0153DD67C}.Debug|iPhoneSimulator.Deploy.0 = Debug|Any CPU
		{89794CB9-7E8F-470E-A5EE-5CA0153DD67C}.Release|Any CPU.ActiveCfg = Release|Any CPU
		{89794CB9-7E8F-470E-A5EE-5CA0153DD67C}.Release|Any CPU.Build.0 = Release|Any CPU
		{89794CB9-7E8F-470E-A5EE-5CA0153DD67C}.Release|Any CPU.Deploy.0 = Release|Any CPU
		{89794CB9-7E8F-470E-A5EE-5CA0153DD67C}.Release|iPhone.ActiveCfg = Release|Any CPU
		{89794CB9-7E8F-470E-A5EE-5CA0153DD67C}.Release|iPhone.Build.0 = Release|Any CPU
		{89794CB9-7E8F-470E-A5EE-5CA0153DD67C}.Release|iPhone.Deploy.0 = Release|Any CPU
		{89794CB9-7E8F-470E-A5EE-5CA0153DD67C}.Release|iPhoneSimulator.ActiveCfg = Release|Any CPU
		{89794CB9-7E8F-470E-A5EE-5CA0153DD67C}.Release|iPhoneSimulator.Build.0 = Release|Any CPU
		{89794CB9-7E8F-470E-A5EE-5CA0153DD67C}.Release|iPhoneSimulator.Deploy.0 = Release|Any CPU
		{3086967D-42C9-4D32-8291-E3B1C0719139}.Ad-Hoc|Any CPU.ActiveCfg = Release|Any CPU
		{3086967D-42C9-4D32-8291-E3B1C0719139}.Ad-Hoc|Any CPU.Build.0 = Release|Any CPU
		{3086967D-42C9-4D32-8291-E3B1C0719139}.Ad-Hoc|iPhone.ActiveCfg = Release|Any CPU
		{3086967D-42C9-4D32-8291-E3B1C0719139}.Ad-Hoc|iPhone.Build.0 = Release|Any CPU
		{3086967D-42C9-4D32-8291-E3B1C0719139}.Ad-Hoc|iPhoneSimulator.ActiveCfg = Release|Any CPU
		{3086967D-42C9-4D32-8291-E3B1C0719139}.Ad-Hoc|iPhoneSimulator.Build.0 = Release|Any CPU
		{3086967D-42C9-4D32-8291-E3B1C0719139}.AppStore|Any CPU.ActiveCfg = Release|Any CPU
		{3086967D-42C9-4D32-8291-E3B1C0719139}.AppStore|Any CPU.Build.0 = Release|Any CPU
		{3086967D-42C9-4D32-8291-E3B1C0719139}.AppStore|iPhone.ActiveCfg = Release|Any CPU
		{3086967D-42C9-4D32-8291-E3B1C0719139}.AppStore|iPhone.Build.0 = Release|Any CPU
		{3086967D-42C9-4D32-8291-E3B1C0719139}.AppStore|iPhoneSimulator.ActiveCfg = Release|Any CPU
		{3086967D-42C9-4D32-8291-E3B1C0719139}.AppStore|iPhoneSimulator.Build.0 = Release|Any CPU
		{3086967D-42C9-4D32-8291-E3B1C0719139}.Debug|Any CPU.ActiveCfg = Debug|Any CPU
		{3086967D-42C9-4D32-8291-E3B1C0719139}.Debug|Any CPU.Build.0 = Debug|Any CPU
		{3086967D-42C9-4D32-8291-E3B1C0719139}.Debug|iPhone.ActiveCfg = Debug|Any CPU
		{3086967D-42C9-4D32-8291-E3B1C0719139}.Debug|iPhone.Build.0 = Debug|Any CPU
		{3086967D-42C9-4D32-8291-E3B1C0719139}.Debug|iPhoneSimulator.ActiveCfg = Debug|Any CPU
		{3086967D-42C9-4D32-8291-E3B1C0719139}.Debug|iPhoneSimulator.Build.0 = Debug|Any CPU
		{3086967D-42C9-4D32-8291-E3B1C0719139}.Release|Any CPU.ActiveCfg = Release|Any CPU
		{3086967D-42C9-4D32-8291-E3B1C0719139}.Release|Any CPU.Build.0 = Release|Any CPU
		{3086967D-42C9-4D32-8291-E3B1C0719139}.Release|iPhone.ActiveCfg = Release|Any CPU
		{3086967D-42C9-4D32-8291-E3B1C0719139}.Release|iPhone.Build.0 = Release|Any CPU
		{3086967D-42C9-4D32-8291-E3B1C0719139}.Release|iPhoneSimulator.ActiveCfg = Release|Any CPU
		{3086967D-42C9-4D32-8291-E3B1C0719139}.Release|iPhoneSimulator.Build.0 = Release|Any CPU
		{DB543BDA-DFEF-4534-B5BD-3272AF82E742}.Ad-Hoc|Any CPU.ActiveCfg = Ad-Hoc|iPhone
		{DB543BDA-DFEF-4534-B5BD-3272AF82E742}.Ad-Hoc|iPhone.ActiveCfg = Ad-Hoc|iPhone
		{DB543BDA-DFEF-4534-B5BD-3272AF82E742}.Ad-Hoc|iPhone.Build.0 = Ad-Hoc|iPhone
		{DB543BDA-DFEF-4534-B5BD-3272AF82E742}.Ad-Hoc|iPhoneSimulator.ActiveCfg = Ad-Hoc|iPhoneSimulator
		{DB543BDA-DFEF-4534-B5BD-3272AF82E742}.Ad-Hoc|iPhoneSimulator.Build.0 = Ad-Hoc|iPhoneSimulator
		{DB543BDA-DFEF-4534-B5BD-3272AF82E742}.AppStore|Any CPU.ActiveCfg = AppStore|iPhone
		{DB543BDA-DFEF-4534-B5BD-3272AF82E742}.AppStore|iPhone.ActiveCfg = AppStore|iPhone
		{DB543BDA-DFEF-4534-B5BD-3272AF82E742}.AppStore|iPhone.Build.0 = AppStore|iPhone
		{DB543BDA-DFEF-4534-B5BD-3272AF82E742}.AppStore|iPhoneSimulator.ActiveCfg = AppStore|iPhoneSimulator
		{DB543BDA-DFEF-4534-B5BD-3272AF82E742}.AppStore|iPhoneSimulator.Build.0 = AppStore|iPhoneSimulator
		{DB543BDA-DFEF-4534-B5BD-3272AF82E742}.Debug|Any CPU.ActiveCfg = Debug|iPhone
		{DB543BDA-DFEF-4534-B5BD-3272AF82E742}.Debug|iPhone.ActiveCfg = Debug|iPhone
		{DB543BDA-DFEF-4534-B5BD-3272AF82E742}.Debug|iPhone.Build.0 = Debug|iPhone
		{DB543BDA-DFEF-4534-B5BD-3272AF82E742}.Debug|iPhoneSimulator.ActiveCfg = Debug|iPhoneSimulator
		{DB543BDA-DFEF-4534-B5BD-3272AF82E742}.Debug|iPhoneSimulator.Build.0 = Debug|iPhoneSimulator
		{DB543BDA-DFEF-4534-B5BD-3272AF82E742}.Release|Any CPU.ActiveCfg = Release|iPhone
		{DB543BDA-DFEF-4534-B5BD-3272AF82E742}.Release|iPhone.ActiveCfg = Release|iPhone
		{DB543BDA-DFEF-4534-B5BD-3272AF82E742}.Release|iPhone.Build.0 = Release|iPhone
		{DB543BDA-DFEF-4534-B5BD-3272AF82E742}.Release|iPhoneSimulator.ActiveCfg = Release|iPhoneSimulator
		{DB543BDA-DFEF-4534-B5BD-3272AF82E742}.Release|iPhoneSimulator.Build.0 = Release|iPhoneSimulator
	EndGlobalSection
	GlobalSection(SolutionProperties) = preSolution
		HideSolutionNode = FALSE
	EndGlobalSection
EndGlobal
